
Microsoft Visual Studio Solution File, Format Version 12.00
# Visual Studio Version 16
VisualStudioVersion = 16.0.28803.452
MinimumVisualStudioVersion = 10.0.40219.1
Project("{FAE04EC0-301F-11D3-BF4B-00C04F79EFBC}") = "ConsoleApp2", "ConsoleApp2\ConsoleApp2.csproj", "{5F2EACE0-AF7A-467D-8E46-1177F9C85C6D}"
EndProject
Global
	GlobalSection(SolutionConfigurationPlatforms) = preSolution
		Debug|Any CPU = Debug|Any CPU
		Release|Any CPU = Release|Any CPU
	EndGlobalSection
	GlobalSection(ProjectConfigurationPlatforms) = postSolution
		{5F2EACE0-AF7A-467D-8E46-1177F9C85C6D}.Debug|Any CPU.ActiveCfg = Debug|Any CPU
		{5F2EACE0-AF7A-467D-8E46-1177F9C85C6D}.Debug|Any CPU.Build.0 = Debug|Any CPU
		{5F2EACE0-AF7A-467D-8E46-1177F9C85C6D}.Release|Any CPU.ActiveCfg = Release|Any CPU
		{5F2EACE0-AF7A-467D-8E46-1177F9C85C6D}.Release|Any CPU.Build.0 = Release|Any CPU
	EndGlobalSection
	GlobalSection(SolutionProperties) = preSolution
		HideSolutionNode = FALSE
	EndGlobalSection
	GlobalSection(ExtensibilityGlobals) = postSolution
		SolutionGuid = {E40D97BB-C396-4C2C-9CAE-9781CB6B23F0}
	EndGlobalSection
EndGlobal
